// !$*UTF8*$!
{
	archiveVersion = 1;
	classes = {
	};
	objectVersion = 56;
	objects = {

/* Begin PBXBuildFile section */
		0E22E3482B3CB36600BF7A0B /* hearts.cpp in Sources */ = {isa = PBXBuildFile; fileRef = 0E22E3462B3CB36600BF7A0B /* hearts.cpp */; };
		0E3735072B3F614D009E373D /* game_objects.cpp in Sources */ = {isa = PBXBuildFile; fileRef = 0E3735052B3F614D009E373D /* game_objects.cpp */; };
		0E3B1A882B44F21B004AF32A /* kunai_counter.cpp in Sources */ = {isa = PBXBuildFile; fileRef = 0E3B1A862B44F21B004AF32A /* kunai_counter.cpp */; };
		0E3B1A8B2B452749004AF32A /* shield.cpp in Sources */ = {isa = PBXBuildFile; fileRef = 0E3B1A892B452749004AF32A /* shield.cpp */; };
		0E4CE6DE2B41FDA800BA8796 /* frame_rate.cpp in Sources */ = {isa = PBXBuildFile; fileRef = 0E4CE6DC2B41FDA800BA8796 /* frame_rate.cpp */; };
		0E65303A2B3AE828004487DA /* object.cpp in Sources */ = {isa = PBXBuildFile; fileRef = 0E6530382B3AE828004487DA /* object.cpp */; };
		0E65303D2B3AEFD5004487DA /* player.cpp in Sources */ = {isa = PBXBuildFile; fileRef = 0E65303B2B3AEFD5004487DA /* player.cpp */; };
		0E7561012AF16B5A001F16CA /* SDL2_ttf.framework in Frameworks */ = {isa = PBXBuildFile; fileRef = 0E7561002AF16B5A001F16CA /* SDL2_ttf.framework */; };
		0E8A25172B39A920009C0B44 /* global_variables.cpp in Sources */ = {isa = PBXBuildFile; fileRef = 0E8A25162B39A920009C0B44 /* global_variables.cpp */; };
		0EAA2BAD2AE5334B0034B5E8 /* main.cpp in Sources */ = {isa = PBXBuildFile; fileRef = 0EAA2BAC2AE5334B0034B5E8 /* main.cpp */; };
		0EAA2BB52AE533760034B5E8 /* SDL2.framework in Frameworks */ = {isa = PBXBuildFile; fileRef = 0EAA2BB42AE533760034B5E8 /* SDL2.framework */; };
		0EAA2BB72AE533870034B5E8 /* SDL2_image.framework in Frameworks */ = {isa = PBXBuildFile; fileRef = 0EAA2BB62AE533870034B5E8 /* SDL2_image.framework */; };
		0EB97F9F2B396F5C00CC9236 /* texture.cpp in Sources */ = {isa = PBXBuildFile; fileRef = 0EB97F9E2B396F5C00CC9236 /* texture.cpp */; };
		0EB97FA12B39702A00CC9236 /* mouse_button.cpp in Sources */ = {isa = PBXBuildFile; fileRef = 0EB97FA02B39702A00CC9236 /* mouse_button.cpp */; };
		0EB97FA32B39703A00CC9236 /* timers.cpp in Sources */ = {isa = PBXBuildFile; fileRef = 0EB97FA22B39703A00CC9236 /* timers.cpp */; };
		0EB97FA52B3983E900CC9236 /* kunai.cpp in Sources */ = {isa = PBXBuildFile; fileRef = 0EB97FA42B3983E900CC9236 /* kunai.cpp */; };
		0EB97FA82B3983F900CC9236 /* init.cpp in Sources */ = {isa = PBXBuildFile; fileRef = 0EB97FA62B3983F900CC9236 /* init.cpp */; };
		0EC008022AF45F35002BAE2D /* SDL2_mixer.framework in Frameworks */ = {isa = PBXBuildFile; fileRef = 0EC008012AF45F35002BAE2D /* SDL2_mixer.framework */; };
		0EFA07B12B4380C300AED262 /* apple.cpp in Sources */ = {isa = PBXBuildFile; fileRef = 0EFA07AF2B4380C300AED262 /* apple.cpp */; };
/* End PBXBuildFile section */

/* Begin PBXCopyFilesBuildPhase section */
		0EAA2BA72AE5334B0034B5E8 /* CopyFiles */ = {
			isa = PBXCopyFilesBuildPhase;
			buildActionMask = 2147483647;
			dstPath = /usr/share/man/man1/;
			dstSubfolderSpec = 0;
			files = (
			);
			runOnlyForDeploymentPostprocessing = 1;
		};
/* End PBXCopyFilesBuildPhase section */

/* Begin PBXFileReference section */
		0E0D194E2AF5FA38000C5DAA /* global_variables.h */ = {isa = PBXFileReference; lastKnownFileType = sourcecode.c.h; path = global_variables.h; sourceTree = "<group>"; };
		0E22E3462B3CB36600BF7A0B /* hearts.cpp */ = {isa = PBXFileReference; lastKnownFileType = sourcecode.cpp.cpp; path = hearts.cpp; sourceTree = "<group>"; };
		0E22E3472B3CB36600BF7A0B /* hearts.h */ = {isa = PBXFileReference; lastKnownFileType = sourcecode.c.h; path = hearts.h; sourceTree = "<group>"; };
		0E3735052B3F614D009E373D /* game_objects.cpp */ = {isa = PBXFileReference; lastKnownFileType = sourcecode.cpp.cpp; path = game_objects.cpp; sourceTree = "<group>"; };
		0E3735062B3F614D009E373D /* game_objects.h */ = {isa = PBXFileReference; lastKnownFileType = sourcecode.c.h; path = game_objects.h; sourceTree = "<group>"; };
		0E3ACE7C2AF2FC6B00F702CD /* mouse_button.h */ = {isa = PBXFileReference; lastKnownFileType = sourcecode.c.h; path = mouse_button.h; sourceTree = "<group>"; };
		0E3ACE7D2AF2FCF100F702CD /* timers.h */ = {isa = PBXFileReference; lastKnownFileType = sourcecode.c.h; path = timers.h; sourceTree = "<group>"; };
		0E3B1A862B44F21B004AF32A /* kunai_counter.cpp */ = {isa = PBXFileReference; lastKnownFileType = sourcecode.cpp.cpp; path = kunai_counter.cpp; sourceTree = "<group>"; };
		0E3B1A872B44F21B004AF32A /* kunai_counter.h */ = {isa = PBXFileReference; lastKnownFileType = sourcecode.c.h; path = kunai_counter.h; sourceTree = "<group>"; };
		0E3B1A892B452749004AF32A /* shield.cpp */ = {isa = PBXFileReference; lastKnownFileType = sourcecode.cpp.cpp; path = shield.cpp; sourceTree = "<group>"; };
		0E3B1A8A2B452749004AF32A /* shield.h */ = {isa = PBXFileReference; lastKnownFileType = sourcecode.c.h; path = shield.h; sourceTree = "<group>"; };
		0E4CE6DC2B41FDA800BA8796 /* frame_rate.cpp */ = {isa = PBXFileReference; lastKnownFileType = sourcecode.cpp.cpp; path = frame_rate.cpp; sourceTree = "<group>"; };
		0E4CE6DD2B41FDA800BA8796 /* frame_rate.h */ = {isa = PBXFileReference; lastKnownFileType = sourcecode.c.h; path = frame_rate.h; sourceTree = "<group>"; };
		0E6530382B3AE828004487DA /* object.cpp */ = {isa = PBXFileReference; lastKnownFileType = sourcecode.cpp.cpp; path = object.cpp; sourceTree = "<group>"; };
		0E6530392B3AE828004487DA /* object.h */ = {isa = PBXFileReference; lastKnownFileType = sourcecode.c.h; path = object.h; sourceTree = "<group>"; };
		0E65303B2B3AEFD5004487DA /* player.cpp */ = {isa = PBXFileReference; lastKnownFileType = sourcecode.cpp.cpp; path = player.cpp; sourceTree = "<group>"; };
		0E65303C2B3AEFD5004487DA /* player.h */ = {isa = PBXFileReference; lastKnownFileType = sourcecode.c.h; path = player.h; sourceTree = "<group>"; };
		0E7561002AF16B5A001F16CA /* SDL2_ttf.framework */ = {isa = PBXFileReference; lastKnownFileType = wrapper.framework; name = SDL2_ttf.framework; path = ../../../../../Library/Frameworks/SDL2_ttf.framework; sourceTree = "<group>"; };
		0E8A25162B39A920009C0B44 /* global_variables.cpp */ = {isa = PBXFileReference; lastKnownFileType = sourcecode.cpp.cpp; path = global_variables.cpp; sourceTree = "<group>"; };
		0E964C0E2AF861F7003AA09E /* kunai.h */ = {isa = PBXFileReference; lastKnownFileType = sourcecode.c.h; path = kunai.h; sourceTree = "<group>"; };
		0EAA2BA92AE5334B0034B5E8 /* SDL-Game */ = {isa = PBXFileReference; explicitFileType = "compiled.mach-o.executable"; includeInIndex = 0; path = "SDL-Game"; sourceTree = BUILT_PRODUCTS_DIR; };
		0EAA2BAC2AE5334B0034B5E8 /* main.cpp */ = {isa = PBXFileReference; lastKnownFileType = sourcecode.cpp.cpp; path = main.cpp; sourceTree = "<group>"; };
		0EAA2BB42AE533760034B5E8 /* SDL2.framework */ = {isa = PBXFileReference; lastKnownFileType = wrapper.framework; name = SDL2.framework; path = /Library/Frameworks/SDL2.framework; sourceTree = "<absolute>"; };
		0EAA2BB62AE533870034B5E8 /* SDL2_image.framework */ = {isa = PBXFileReference; lastKnownFileType = wrapper.framework; name = SDL2_image.framework; path = /Library/Frameworks/SDL2_image.framework; sourceTree = "<absolute>"; };
		0EB97F9E2B396F5C00CC9236 /* texture.cpp */ = {isa = PBXFileReference; lastKnownFileType = sourcecode.cpp.cpp; path = texture.cpp; sourceTree = "<group>"; };
		0EB97FA02B39702A00CC9236 /* mouse_button.cpp */ = {isa = PBXFileReference; lastKnownFileType = sourcecode.cpp.cpp; path = mouse_button.cpp; sourceTree = "<group>"; };
		0EB97FA22B39703A00CC9236 /* timers.cpp */ = {isa = PBXFileReference; lastKnownFileType = sourcecode.cpp.cpp; path = timers.cpp; sourceTree = "<group>"; };
		0EB97FA42B3983E900CC9236 /* kunai.cpp */ = {isa = PBXFileReference; lastKnownFileType = sourcecode.cpp.cpp; path = kunai.cpp; sourceTree = "<group>"; };
		0EB97FA62B3983F900CC9236 /* init.cpp */ = {isa = PBXFileReference; lastKnownFileType = sourcecode.cpp.cpp; path = init.cpp; sourceTree = "<group>"; };
		0EB97FA72B3983F900CC9236 /* init.h */ = {isa = PBXFileReference; lastKnownFileType = sourcecode.c.h; path = init.h; sourceTree = "<group>"; };
		0EC008012AF45F35002BAE2D /* SDL2_mixer.framework */ = {isa = PBXFileReference; lastKnownFileType = wrapper.framework; name = SDL2_mixer.framework; path = ../../../../../Library/Frameworks/SDL2_mixer.framework; sourceTree = "<group>"; };
		0EE4F58E2AEAB5880069B47C /* texture.h */ = {isa = PBXFileReference; lastKnownFileType = sourcecode.c.h; path = texture.h; sourceTree = "<group>"; };
		0EFA07AF2B4380C300AED262 /* apple.cpp */ = {isa = PBXFileReference; lastKnownFileType = sourcecode.cpp.cpp; path = apple.cpp; sourceTree = "<group>"; };
		0EFA07B02B4380C300AED262 /* apple.h */ = {isa = PBXFileReference; lastKnownFileType = sourcecode.c.h; path = apple.h; sourceTree = "<group>"; };
/* End PBXFileReference section */

/* Begin PBXFrameworksBuildPhase section */
		0EAA2BA62AE5334B0034B5E8 /* Frameworks */ = {
			isa = PBXFrameworksBuildPhase;
			buildActionMask = 2147483647;
			files = (
				0EC008022AF45F35002BAE2D /* SDL2_mixer.framework in Frameworks */,
				0E7561012AF16B5A001F16CA /* SDL2_ttf.framework in Frameworks */,
				0EAA2BB72AE533870034B5E8 /* SDL2_image.framework in Frameworks */,
				0EAA2BB52AE533760034B5E8 /* SDL2.framework in Frameworks */,
			);
			runOnlyForDeploymentPostprocessing = 0;
		};
/* End PBXFrameworksBuildPhase section */

/* Begin PBXGroup section */
		0E65303E2B3AEFFF004487DA /* game_objects */ = {
			isa = PBXGroup;
			children = (
				0E3735052B3F614D009E373D /* game_objects.cpp */,
				0E3735062B3F614D009E373D /* game_objects.h */,
				0E6530382B3AE828004487DA /* object.cpp */,
				0E6530392B3AE828004487DA /* object.h */,
				0E65303B2B3AEFD5004487DA /* player.cpp */,
				0E65303C2B3AEFD5004487DA /* player.h */,
				0EB97FA42B3983E900CC9236 /* kunai.cpp */,
				0E964C0E2AF861F7003AA09E /* kunai.h */,
				0EFA07AF2B4380C300AED262 /* apple.cpp */,
				0EFA07B02B4380C300AED262 /* apple.h */,
				0E3B1A892B452749004AF32A /* shield.cpp */,
				0E3B1A8A2B452749004AF32A /* shield.h */,
			);
			path = game_objects;
			sourceTree = "<group>";
		};
		0EAA2BA02AE5334B0034B5E8 = {
			isa = PBXGroup;
			children = (
				0EAA2BAB2AE5334B0034B5E8 /* SDL-Game */,
				0EAA2BAA2AE5334B0034B5E8 /* Products */,
				0EAA2BB32AE533760034B5E8 /* Frameworks */,
			);
			sourceTree = "<group>";
		};
		0EAA2BAA2AE5334B0034B5E8 /* Products */ = {
			isa = PBXGroup;
			children = (
				0EAA2BA92AE5334B0034B5E8 /* SDL-Game */,
			);
			name = Products;
			sourceTree = "<group>";
		};
		0EAA2BAB2AE5334B0034B5E8 /* SDL-Game */ = {
			isa = PBXGroup;
			children = (
				0EAA2BAC2AE5334B0034B5E8 /* main.cpp */,
				0E65303E2B3AEFFF004487DA /* game_objects */,
				0E22E3462B3CB36600BF7A0B /* hearts.cpp */,
				0E22E3472B3CB36600BF7A0B /* hearts.h */,
				0E3B1A862B44F21B004AF32A /* kunai_counter.cpp */,
				0E3B1A872B44F21B004AF32A /* kunai_counter.h */,
				0E4CE6DC2B41FDA800BA8796 /* frame_rate.cpp */,
				0E4CE6DD2B41FDA800BA8796 /* frame_rate.h */,
				0EB97F9E2B396F5C00CC9236 /* texture.cpp */,
				0EE4F58E2AEAB5880069B47C /* texture.h */,
				0EB97FA02B39702A00CC9236 /* mouse_button.cpp */,
				0E3ACE7C2AF2FC6B00F702CD /* mouse_button.h */,
				0EB97FA22B39703A00CC9236 /* timers.cpp */,
				0E3ACE7D2AF2FCF100F702CD /* timers.h */,
				0EB97FA62B3983F900CC9236 /* init.cpp */,
				0EB97FA72B3983F900CC9236 /* init.h */,
				0E8A25162B39A920009C0B44 /* global_variables.cpp */,
				0E0D194E2AF5FA38000C5DAA /* global_variables.h */,
			);
			path = "SDL-Game";
			sourceTree = "<group>";
		};
		0EAA2BB32AE533760034B5E8 /* Frameworks */ = {
			isa = PBXGroup;
			children = (
				0EC008012AF45F35002BAE2D /* SDL2_mixer.framework */,
				0E7561002AF16B5A001F16CA /* SDL2_ttf.framework */,
				0EAA2BB62AE533870034B5E8 /* SDL2_image.framework */,
				0EAA2BB42AE533760034B5E8 /* SDL2.framework */,
			);
			name = Frameworks;
			sourceTree = "<group>";
		};
/* End PBXGroup section */

/* Begin PBXNativeTarget section */
		0EAA2BA82AE5334B0034B5E8 /* SDL-Game */ = {
			isa = PBXNativeTarget;
			buildConfigurationList = 0EAA2BB02AE5334B0034B5E8 /* Build configuration list for PBXNativeTarget "SDL-Game" */;
			buildPhases = (
				0EAA2BA52AE5334B0034B5E8 /* Sources */,
				0EAA2BA62AE5334B0034B5E8 /* Frameworks */,
				0EAA2BA72AE5334B0034B5E8 /* CopyFiles */,
			);
			buildRules = (
			);
			dependencies = (
			);
			name = "SDL-Game";
			productName = "SDL-Game";
			productReference = 0EAA2BA92AE5334B0034B5E8 /* SDL-Game */;
			productType = "com.apple.product-type.tool";
		};
/* End PBXNativeTarget section */

/* Begin PBXProject section */
		0EAA2BA12AE5334B0034B5E8 /* Project object */ = {
			isa = PBXProject;
			attributes = {
				BuildIndependentTargetsInParallel = 1;
				LastUpgradeCheck = 1500;
				TargetAttributes = {
					0EAA2BA82AE5334B0034B5E8 = {
						CreatedOnToolsVersion = 15.0.1;
					};
				};
			};
			buildConfigurationList = 0EAA2BA42AE5334B0034B5E8 /* Build configuration list for PBXProject "SDL-Game" */;
			compatibilityVersion = "Xcode 14.0";
			developmentRegion = en;
			hasScannedForEncodings = 0;
			knownRegions = (
				en,
				Base,
			);
			mainGroup = 0EAA2BA02AE5334B0034B5E8;
			productRefGroup = 0EAA2BAA2AE5334B0034B5E8 /* Products */;
			projectDirPath = "";
			projectRoot = "";
			targets = (
				0EAA2BA82AE5334B0034B5E8 /* SDL-Game */,
			);
		};
/* End PBXProject section */

/* Begin PBXSourcesBuildPhase section */
		0EAA2BA52AE5334B0034B5E8 /* Sources */ = {
			isa = PBXSourcesBuildPhase;
			buildActionMask = 2147483647;
			files = (
				0E3B1A8B2B452749004AF32A /* shield.cpp in Sources */,
				0EAA2BAD2AE5334B0034B5E8 /* main.cpp in Sources */,
				0E4CE6DE2B41FDA800BA8796 /* frame_rate.cpp in Sources */,
				0EB97FA12B39702A00CC9236 /* mouse_button.cpp in Sources */,
				0E65303D2B3AEFD5004487DA /* player.cpp in Sources */,
				0E65303A2B3AE828004487DA /* object.cpp in Sources */,
				0EB97F9F2B396F5C00CC9236 /* texture.cpp in Sources */,
				0E8A25172B39A920009C0B44 /* global_variables.cpp in Sources */,
				0E3735072B3F614D009E373D /* game_objects.cpp in Sources */,
				0EB97FA52B3983E900CC9236 /* kunai.cpp in Sources */,
				0EB97FA32B39703A00CC9236 /* timers.cpp in Sources */,
				0EFA07B12B4380C300AED262 /* apple.cpp in Sources */,
				0E3B1A882B44F21B004AF32A /* kunai_counter.cpp in Sources */,
				0E22E3482B3CB36600BF7A0B /* hearts.cpp in Sources */,
				0EB97FA82B3983F900CC9236 /* init.cpp in Sources */,
			);
			runOnlyForDeploymentPostprocessing = 0;
		};
/* End PBXSourcesBuildPhase section */

/* Begin XCBuildConfiguration section */
		0EAA2BAE2AE5334B0034B5E8 /* Debug */ = {
			isa = XCBuildConfiguration;
			buildSettings = {
				ALWAYS_SEARCH_USER_PATHS = NO;
				ASSETCATALOG_COMPILER_GENERATE_SWIFT_ASSET_SYMBOL_EXTENSIONS = YES;
				CLANG_ANALYZER_NONNULL = YES;
				CLANG_ANALYZER_NUMBER_OBJECT_CONVERSION = YES_AGGRESSIVE;
				CLANG_CXX_LANGUAGE_STANDARD = "gnu++20";
				CLANG_ENABLE_MODULES = YES;
				CLANG_ENABLE_OBJC_ARC = YES;
				CLANG_ENABLE_OBJC_WEAK = YES;
				CLANG_WARN_BLOCK_CAPTURE_AUTORELEASING = YES;
				CLANG_WARN_BOOL_CONVERSION = YES;
				CLANG_WARN_COMMA = YES;
				CLANG_WARN_CONSTANT_CONVERSION = YES;
				CLANG_WARN_DEPRECATED_OBJC_IMPLEMENTATIONS = YES;
				CLANG_WARN_DIRECT_OBJC_ISA_USAGE = YES_ERROR;
				CLANG_WARN_DOCUMENTATION_COMMENTS = YES;
				CLANG_WARN_EMPTY_BODY = YES;
				CLANG_WARN_ENUM_CONVERSION = YES;
				CLANG_WARN_INFINITE_RECURSION = YES;
				CLANG_WARN_INT_CONVERSION = YES;
				CLANG_WARN_NON_LITERAL_NULL_CONVERSION = YES;
				CLANG_WARN_OBJC_IMPLICIT_RETAIN_SELF = YES;
				CLANG_WARN_OBJC_LITERAL_CONVERSION = YES;
				CLANG_WARN_OBJC_ROOT_CLASS = YES_ERROR;
				CLANG_WARN_QUOTED_INCLUDE_IN_FRAMEWORK_HEADER = YES;
				CLANG_WARN_RANGE_LOOP_ANALYSIS = YES;
				CLANG_WARN_STRICT_PROTOTYPES = YES;
				CLANG_WARN_SUSPICIOUS_MOVE = YES;
				CLANG_WARN_UNGUARDED_AVAILABILITY = YES_AGGRESSIVE;
				CLANG_WARN_UNREACHABLE_CODE = YES;
				CLANG_WARN__DUPLICATE_METHOD_MATCH = YES;
				COPY_PHASE_STRIP = NO;
				DEBUG_INFORMATION_FORMAT = dwarf;
				ENABLE_STRICT_OBJC_MSGSEND = YES;
				ENABLE_TESTABILITY = YES;
				ENABLE_USER_SCRIPT_SANDBOXING = YES;
				GCC_C_LANGUAGE_STANDARD = gnu17;
				GCC_DYNAMIC_NO_PIC = NO;
				GCC_NO_COMMON_BLOCKS = YES;
				GCC_OPTIMIZATION_LEVEL = 0;
				GCC_PREPROCESSOR_DEFINITIONS = (
					"DEBUG=1",
					"$(inherited)",
				);
				GCC_WARN_64_TO_32_BIT_CONVERSION = YES;
				GCC_WARN_ABOUT_RETURN_TYPE = YES_ERROR;
				GCC_WARN_UNDECLARED_SELECTOR = YES;
				GCC_WARN_UNINITIALIZED_AUTOS = YES_AGGRESSIVE;
				GCC_WARN_UNUSED_FUNCTION = YES;
				GCC_WARN_UNUSED_VARIABLE = YES;
				LOCALIZATION_PREFERS_STRING_CATALOGS = YES;
				MACOSX_DEPLOYMENT_TARGET = 14.0;
				MTL_ENABLE_DEBUG_INFO = INCLUDE_SOURCE;
				MTL_FAST_MATH = YES;
				ONLY_ACTIVE_ARCH = YES;
				SDKROOT = macosx;
			};
			name = Debug;
		};
		0EAA2BAF2AE5334B0034B5E8 /* Release */ = {
			isa = XCBuildConfiguration;
			buildSettings = {
				ALWAYS_SEARCH_USER_PATHS = NO;
				ASSETCATALOG_COMPILER_GENERATE_SWIFT_ASSET_SYMBOL_EXTENSIONS = YES;
				CLANG_ANALYZER_NONNULL = YES;
				CLANG_ANALYZER_NUMBER_OBJECT_CONVERSION = YES_AGGRESSIVE;
				CLANG_CXX_LANGUAGE_STANDARD = "gnu++20";
				CLANG_ENABLE_MODULES = YES;
				CLANG_ENABLE_OBJC_ARC = YES;
				CLANG_ENABLE_OBJC_WEAK = YES;
				CLANG_WARN_BLOCK_CAPTURE_AUTORELEASING = YES;
				CLANG_WARN_BOOL_CONVERSION = YES;
				CLANG_WARN_COMMA = YES;
				CLANG_WARN_CONSTANT_CONVERSION = YES;
				CLANG_WARN_DEPRECATED_OBJC_IMPLEMENTATIONS = YES;
				CLANG_WARN_DIRECT_OBJC_ISA_USAGE = YES_ERROR;
				CLANG_WARN_DOCUMENTATION_COMMENTS = YES;
				CLANG_WARN_EMPTY_BODY = YES;
				CLANG_WARN_ENUM_CONVERSION = YES;
				CLANG_WARN_INFINITE_RECURSION = YES;
				CLANG_WARN_INT_CONVERSION = YES;
				CLANG_WARN_NON_LITERAL_NULL_CONVERSION = YES;
				CLANG_WARN_OBJC_IMPLICIT_RETAIN_SELF = YES;
				CLANG_WARN_OBJC_LITERAL_CONVERSION = YES;
				CLANG_WARN_OBJC_ROOT_CLASS = YES_ERROR;
				CLANG_WARN_QUOTED_INCLUDE_IN_FRAMEWORK_HEADER = YES;
				CLANG_WARN_RANGE_LOOP_ANALYSIS = YES;
				CLANG_WARN_STRICT_PROTOTYPES = YES;
				CLANG_WARN_SUSPICIOUS_MOVE = YES;
				CLANG_WARN_UNGUARDED_AVAILABILITY = YES_AGGRESSIVE;
				CLANG_WARN_UNREACHABLE_CODE = YES;
				CLANG_WARN__DUPLICATE_METHOD_MATCH = YES;
				COPY_PHASE_STRIP = NO;
				DEBUG_INFORMATION_FORMAT = "dwarf-with-dsym";
				ENABLE_NS_ASSERTIONS = NO;
				ENABLE_STRICT_OBJC_MSGSEND = YES;
				ENABLE_USER_SCRIPT_SANDBOXING = YES;
				GCC_C_LANGUAGE_STANDARD = gnu17;
				GCC_NO_COMMON_BLOCKS = YES;
				GCC_WARN_64_TO_32_BIT_CONVERSION = YES;
				GCC_WARN_ABOUT_RETURN_TYPE = YES_ERROR;
				GCC_WARN_UNDECLARED_SELECTOR = YES;
				GCC_WARN_UNINITIALIZED_AUTOS = YES_AGGRESSIVE;
				GCC_WARN_UNUSED_FUNCTION = YES;
				GCC_WARN_UNUSED_VARIABLE = YES;
				LOCALIZATION_PREFERS_STRING_CATALOGS = YES;
				MACOSX_DEPLOYMENT_TARGET = 14.0;
				MTL_ENABLE_DEBUG_INFO = NO;
				MTL_FAST_MATH = YES;
				SDKROOT = macosx;
			};
			name = Release;
		};
		0EAA2BB12AE5334B0034B5E8 /* Debug */ = {
			isa = XCBuildConfiguration;
			buildSettings = {
				CODE_SIGN_STYLE = Automatic;
				FRAMEWORK_SEARCH_PATHS = (
					"$(inherited)",
					"$(LOCAL_LIBRARY_DIR)/Frameworks",
				);
				LD_RUNPATH_SEARCH_PATHS = /Library/Frameworks/;
				PRODUCT_NAME = "$(TARGET_NAME)";
			};
			name = Debug;
		};
		0EAA2BB22AE5334B0034B5E8 /* Release */ = {
			isa = XCBuildConfiguration;
			buildSettings = {
				CODE_SIGN_STYLE = Automatic;
				FRAMEWORK_SEARCH_PATHS = (
					"$(inherited)",
					"$(LOCAL_LIBRARY_DIR)/Frameworks",
				);
				LD_RUNPATH_SEARCH_PATHS = /Library/Frameworks/;
				PRODUCT_NAME = "$(TARGET_NAME)";
			};
			name = Release;
		};
/* End XCBuildConfiguration section */

/* Begin XCConfigurationList section */
		0EAA2BA42AE5334B0034B5E8 /* Build configuration list for PBXProject "SDL-Game" */ = {
			isa = XCConfigurationList;
			buildConfigurations = (
				0EAA2BAE2AE5334B0034B5E8 /* Debug */,
				0EAA2BAF2AE5334B0034B5E8 /* Release */,
			);
			defaultConfigurationIsVisible = 0;
			defaultConfigurationName = Release;
		};
		0EAA2BB02AE5334B0034B5E8 /* Build configuration list for PBXNativeTarget "SDL-Game" */ = {
			isa = XCConfigurationList;
			buildConfigurations = (
				0EAA2BB12AE5334B0034B5E8 /* Debug */,
				0EAA2BB22AE5334B0034B5E8 /* Release */,
			);
			defaultConfigurationIsVisible = 0;
			defaultConfigurationName = Release;
		};
/* End XCConfigurationList section */
	};
	rootObject = 0EAA2BA12AE5334B0034B5E8 /* Project object */;
}
